
Microsoft Visual Studio Solution File, Format Version 12.00
# Visual Studio Version 16
VisualStudioVersion = 16.0.30114.105
MinimumVisualStudioVersion = 10.0.40219.1
Project("{FAE04EC0-301F-11D3-BF4B-00C04F79EFBC}") = "SuperUltraExcellentXMLDataTool", "SuperUltraExcellentXMLDataTool\SuperUltraExcellentXMLDataTool.csproj", "{3F7C5903-0768-4724-8BF8-8ACE22FD7E95}"
EndProject
Global
	GlobalSection(SolutionConfigurationPlatforms) = preSolution
		Debug|Any CPU = Debug|Any CPU
		Release|Any CPU = Release|Any CPU
	EndGlobalSection
	GlobalSection(ProjectConfigurationPlatforms) = postSolution
		{3F7C5903-0768-4724-8BF8-8ACE22FD7E95}.Debug|Any CPU.ActiveCfg = Debug|Any CPU
		{3F7C5903-0768-4724-8BF8-8ACE22FD7E95}.Debug|Any CPU.Build.0 = Debug|Any CPU
		{3F7C5903-0768-4724-8BF8-8ACE22FD7E95}.Release|Any CPU.ActiveCfg = Release|Any CPU
		{3F7C5903-0768-4724-8BF8-8ACE22FD7E95}.Release|Any CPU.Build.0 = Release|Any CPU
	EndGlobalSection
	GlobalSection(SolutionProperties) = preSolution
		HideSolutionNode = FALSE
	EndGlobalSection
	GlobalSection(ExtensibilityGlobals) = postSolution
		SolutionGuid = {191B8616-A939-43F9-BACE-7AC103EA686E}
	EndGlobalSection
EndGlobal
